
Microsoft Visual Studio Solution File, Format Version 12.00
# Visual Studio Version 16
VisualStudioVersion = 16.0.32802.399
MinimumVisualStudioVersion = 10.0.40219.1
Project("{FAE04EC0-301F-11D3-BF4B-00C04F79EFBC}") = "calculadoraSimples", "calculadoraSimples\calculadoraSimples.csproj", "{E7CC2BEF-71F1-456D-B77B-3D8DD16BCB85}"
EndProject
Global
	GlobalSection(SolutionConfigurationPlatforms) = preSolution
		Debug|Any CPU = Debug|Any CPU
		Release|Any CPU = Release|Any CPU
	EndGlobalSection
	GlobalSection(ProjectConfigurationPlatforms) = postSolution
		{E7CC2BEF-71F1-456D-B77B-3D8DD16BCB85}.Debug|Any CPU.ActiveCfg = Debug|Any CPU
		{E7CC2BEF-71F1-456D-B77B-3D8DD16BCB85}.Debug|Any CPU.Build.0 = Debug|Any CPU
		{E7CC2BEF-71F1-456D-B77B-3D8DD16BCB85}.Release|Any CPU.ActiveCfg = Release|Any CPU
		{E7CC2BEF-71F1-456D-B77B-3D8DD16BCB85}.Release|Any CPU.Build.0 = Release|Any CPU
	EndGlobalSection
	GlobalSection(SolutionProperties) = preSolution
		HideSolutionNode = FALSE
	EndGlobalSection
	GlobalSection(ExtensibilityGlobals) = postSolution
		SolutionGuid = {C721E597-9B31-4632-8143-81C778A479D0}
	EndGlobalSection
EndGlobal
